
Microsoft Visual Studio Solution File, Format Version 12.00
# Visual Studio Version 16
VisualStudioVersion = 16.0.28803.352
MinimumVisualStudioVersion = 10.0.40219.1
Project("{FAE04EC0-301F-11D3-BF4B-00C04F79EFBC}") = "BlazorTodo", "BlazorTodo\BlazorTodo.csproj", "{C62868C3-832C-4250-8E5C-AE186574D15C}"
EndProject
Global
	GlobalSection(SolutionConfigurationPlatforms) = preSolution
		Debug|Any CPU = Debug|Any CPU
		Release|Any CPU = Release|Any CPU
	EndGlobalSection
	GlobalSection(ProjectConfigurationPlatforms) = postSolution
		{C62868C3-832C-4250-8E5C-AE186574D15C}.Debug|Any CPU.ActiveCfg = Debug|Any CPU
		{C62868C3-832C-4250-8E5C-AE186574D15C}.Debug|Any CPU.Build.0 = Debug|Any CPU
		{C62868C3-832C-4250-8E5C-AE186574D15C}.Release|Any CPU.ActiveCfg = Release|Any CPU
		{C62868C3-832C-4250-8E5C-AE186574D15C}.Release|Any CPU.Build.0 = Release|Any CPU
	EndGlobalSection
	GlobalSection(SolutionProperties) = preSolution
		HideSolutionNode = FALSE
	EndGlobalSection
	GlobalSection(ExtensibilityGlobals) = postSolution
		SolutionGuid = {DA514237-3AB9-45A8-8B76-9CD534E296A3}
	EndGlobalSection
EndGlobal
